// !$*UTF8*$!
{
	archiveVersion = 1;
	classes = {
	};
	objectVersion = 50;
	objects = {

/* Begin PBXBuildFile section */
		DD4401BE259A2EE2003DE3E1 /* AppDelegate.swift in Sources */ = {isa = PBXBuildFile; fileRef = DD4401BD259A2EE2003DE3E1 /* AppDelegate.swift */; };
		DD4401C0259A2EE2003DE3E1 /* SceneDelegate.swift in Sources */ = {isa = PBXBuildFile; fileRef = DD4401BF259A2EE2003DE3E1 /* SceneDelegate.swift */; };
		DD4401C2259A2EE2003DE3E1 /* ViewController.swift in Sources */ = {isa = PBXBuildFile; fileRef = DD4401C1259A2EE2003DE3E1 /* ViewController.swift */; };
		DD4401C5259A2EE2003DE3E1 /* Main.storyboard in Resources */ = {isa = PBXBuildFile; fileRef = DD4401C3259A2EE2003DE3E1 /* Main.storyboard */; };
		DD4401C7259A2EE4003DE3E1 /* Assets.xcassets in Resources */ = {isa = PBXBuildFile; fileRef = DD4401C6259A2EE4003DE3E1 /* Assets.xcassets */; };
		DD4401CA259A2EE4003DE3E1 /* LaunchScreen.storyboard in Resources */ = {isa = PBXBuildFile; fileRef = DD4401C8259A2EE4003DE3E1 /* LaunchScreen.storyboard */; };
		DD4401D6259A8FBF003DE3E1 /* AboutViewController.swift in Sources */ = {isa = PBXBuildFile; fileRef = DD4401D5259A8FBF003DE3E1 /* AboutViewController.swift */; };
/* End PBXBuildFile section */

/* Begin PBXFileReference section */
		DD4401BA259A2EE2003DE3E1 /* BullsEyeDemoProject.app */ = {isa = PBXFileReference; explicitFileType = wrapper.application; includeInIndex = 0; path = BullsEyeDemoProject.app; sourceTree = BUILT_PRODUCTS_DIR; };
		DD4401BD259A2EE2003DE3E1 /* AppDelegate.swift */ = {isa = PBXFileReference; lastKnownFileType = sourcecode.swift; path = AppDelegate.swift; sourceTree = "<group>"; };
		DD4401BF259A2EE2003DE3E1 /* SceneDelegate.swift */ = {isa = PBXFileReference; lastKnownFileType = sourcecode.swift; path = SceneDelegate.swift; sourceTree = "<group>"; };
		DD4401C1259A2EE2003DE3E1 /* ViewController.swift */ = {isa = PBXFileReference; lastKnownFileType = sourcecode.swift; path = ViewController.swift; sourceTree = "<group>"; };
		DD4401C4259A2EE2003DE3E1 /* Base */ = {isa = PBXFileReference; lastKnownFileType = file.storyboard; name = Base; path = Base.lproj/Main.storyboard; sourceTree = "<group>"; };
		DD4401C6259A2EE4003DE3E1 /* Assets.xcassets */ = {isa = PBXFileReference; lastKnownFileType = folder.assetcatalog; path = Assets.xcassets; sourceTree = "<group>"; };
		DD4401C9259A2EE4003DE3E1 /* Base */ = {isa = PBXFileReference; lastKnownFileType = file.storyboard; name = Base; path = Base.lproj/LaunchScreen.storyboard; sourceTree = "<group>"; };
		DD4401CB259A2EE4003DE3E1 /* Info.plist */ = {isa = PBXFileReference; lastKnownFileType = text.plist.xml; path = Info.plist; sourceTree = "<group>"; };
		DD4401D5259A8FBF003DE3E1 /* AboutViewController.swift */ = {isa = PBXFileReference; lastKnownFileType = sourcecode.swift; path = AboutViewController.swift; sourceTree = "<group>"; };
/* End PBXFileReference section */

/* Begin PBXFrameworksBuildPhase section */
		DD4401B7259A2EE2003DE3E1 /* Frameworks */ = {
			isa = PBXFrameworksBuildPhase;
			buildActionMask = 2147483647;
			files = (
			);
			runOnlyForDeploymentPostprocessing = 0;
		};
/* End PBXFrameworksBuildPhase section */

/* Begin PBXGroup section */
		DD4401B1259A2EE2003DE3E1 = {
			isa = PBXGroup;
			children = (
				DD4401BC259A2EE2003DE3E1 /* BullsEyeDemoProject */,
				DD4401BB259A2EE2003DE3E1 /* Products */,
			);
			sourceTree = "<group>";
		};
		DD4401BB259A2EE2003DE3E1 /* Products */ = {
			isa = PBXGroup;
			children = (
				DD4401BA259A2EE2003DE3E1 /* BullsEyeDemoProject.app */,
			);
			name = Products;
			sourceTree = "<group>";
		};
		DD4401BC259A2EE2003DE3E1 /* BullsEyeDemoProject */ = {
			isa = PBXGroup;
			children = (
				DD4401BD259A2EE2003DE3E1 /* AppDelegate.swift */,
				DD4401BF259A2EE2003DE3E1 /* SceneDelegate.swift */,
				DD4401C1259A2EE2003DE3E1 /* ViewController.swift */,
				DD4401C3259A2EE2003DE3E1 /* Main.storyboard */,
				DD4401C6259A2EE4003DE3E1 /* Assets.xcassets */,
				DD4401C8259A2EE4003DE3E1 /* LaunchScreen.storyboard */,
				DD4401CB259A2EE4003DE3E1 /* Info.plist */,
				DD4401D5259A8FBF003DE3E1 /* AboutViewController.swift */,
			);
			path = BullsEyeDemoProject;
			sourceTree = "<group>";
		};
/* End PBXGroup section */

/* Begin PBXNativeTarget section */
		DD4401B9259A2EE2003DE3E1 /* BullsEyeDemoProject */ = {
			isa = PBXNativeTarget;
			buildConfigurationList = DD4401CE259A2EE4003DE3E1 /* Build configuration list for PBXNativeTarget "BullsEyeDemoProject" */;
			buildPhases = (
				DD4401B6259A2EE2003DE3E1 /* Sources */,
				DD4401B7259A2EE2003DE3E1 /* Frameworks */,
				DD4401B8259A2EE2003DE3E1 /* Resources */,
			);
			buildRules = (
			);
			dependencies = (
			);
			name = BullsEyeDemoProject;
			productName = BullsEyeDemoProject;
			productReference = DD4401BA259A2EE2003DE3E1 /* BullsEyeDemoProject.app */;
			productType = "com.apple.product-type.application";
		};
/* End PBXNativeTarget section */

/* Begin PBXProject section */
		DD4401B2259A2EE2003DE3E1 /* Project object */ = {
			isa = PBXProject;
			attributes = {
				LastSwiftUpdateCheck = 1230;
				LastUpgradeCheck = 1230;
				TargetAttributes = {
					DD4401B9259A2EE2003DE3E1 = {
						CreatedOnToolsVersion = 12.3;
					};
				};
			};
			buildConfigurationList = DD4401B5259A2EE2003DE3E1 /* Build configuration list for PBXProject "BullsEyeDemoProject" */;
			compatibilityVersion = "Xcode 9.3";
			developmentRegion = en;
			hasScannedForEncodings = 0;
			knownRegions = (
				en,
				Base,
			);
			mainGroup = DD4401B1259A2EE2003DE3E1;
			productRefGroup = DD4401BB259A2EE2003DE3E1 /* Products */;
			projectDirPath = "";
			projectRoot = "";
			targets = (
				DD4401B9259A2EE2003DE3E1 /* BullsEyeDemoProject */,
			);
		};
/* End PBXProject section */

/* Begin PBXResourcesBuildPhase section */
		DD4401B8259A2EE2003DE3E1 /* Resources */ = {
			isa = PBXResourcesBuildPhase;
			buildActionMask = 2147483647;
			files = (
				DD4401CA259A2EE4003DE3E1 /* LaunchScreen.storyboard in Resources */,
				DD4401C7259A2EE4003DE3E1 /* Assets.xcassets in Resources */,
				DD4401C5259A2EE2003DE3E1 /* Main.storyboard in Resources */,
			);
			runOnlyForDeploymentPostprocessing = 0;
		};
/* End PBXResourcesBuildPhase section */

/* Begin PBXSourcesBuildPhase section */
		DD4401B6259A2EE2003DE3E1 /* Sources */ = {
			isa = PBXSourcesBuildPhase;
			buildActionMask = 2147483647;
			files = (
				DD4401C2259A2EE2003DE3E1 /* ViewController.swift in Sources */,
				DD4401BE259A2EE2003DE3E1 /* AppDelegate.swift in Sources */,
				DD4401D6259A8FBF003DE3E1 /* AboutViewController.swift in Sources */,
				DD4401C0259A2EE2003DE3E1 /* SceneDelegate.swift in Sources */,
			);
			runOnlyForDeploymentPostprocessing = 0;
		};
/* End PBXSourcesBuildPhase section */

/* Begin PBXVariantGroup section */
		DD4401C3259A2EE2003DE3E1 /* Main.storyboard */ = {
			isa = PBXVariantGroup;
			children = (
				DD4401C4259A2EE2003DE3E1 /* Base */,
			);
			name = Main.storyboard;
			sourceTree = "<group>";
		};
		DD4401C8259A2EE4003DE3E1 /* LaunchScreen.storyboard */ = {
			isa = PBXVariantGroup;
			children = (
				DD4401C9259A2EE4003DE3E1 /* Base */,
			);
			name = LaunchScreen.storyboard;
			sourceTree = "<group>";
		};
/* End PBXVariantGroup section */

/* Begin XCBuildConfiguration section */
		DD4401CC259A2EE4003DE3E1 /* Debug */ = {
			isa = XCBuildConfiguration;
			buildSettings = {
				ALWAYS_SEARCH_USER_PATHS = NO;
				CLANG_ANALYZER_NONNULL = YES;
				CLANG_ANALYZER_NUMBER_OBJECT_CONVERSION = YES_AGGRESSIVE;
				CLANG_CXX_LANGUAGE_STANDARD = "gnu++14";
				CLANG_CXX_LIBRARY = "libc++";
				CLANG_ENABLE_MODULES = YES;
				CLANG_ENABLE_OBJC_ARC = YES;
				CLANG_ENABLE_OBJC_WEAK = YES;
				CLANG_WARN_BLOCK_CAPTURE_AUTORELEASING = YES;
				CLANG_WARN_BOOL_CONVERSION = YES;
				CLANG_WARN_COMMA = YES;
				CLANG_WARN_CONSTANT_CONVERSION = YES;
				CLANG_WARN_DEPRECATED_OBJC_IMPLEMENTATIONS = YES;
				CLANG_WARN_DIRECT_OBJC_ISA_USAGE = YES_ERROR;
				CLANG_WARN_DOCUMENTATION_COMMENTS = YES;
				CLANG_WARN_EMPTY_BODY = YES;
				CLANG_WARN_ENUM_CONVERSION = YES;
				CLANG_WARN_INFINITE_RECURSION = YES;
				CLANG_WARN_INT_CONVERSION = YES;
				CLANG_WARN_NON_LITERAL_NULL_CONVERSION = YES;
				CLANG_WARN_OBJC_IMPLICIT_RETAIN_SELF = YES;
				CLANG_WARN_OBJC_LITERAL_CONVERSION = YES;
				CLANG_WARN_OBJC_ROOT_CLASS = YES_ERROR;
				CLANG_WARN_QUOTED_INCLUDE_IN_FRAMEWORK_HEADER = YES;
				CLANG_WARN_RANGE_LOOP_ANALYSIS = YES;
				CLANG_WARN_STRICT_PROTOTYPES = YES;
				CLANG_WARN_SUSPICIOUS_MOVE = YES;
				CLANG_WARN_UNGUARDED_AVAILABILITY = YES_AGGRESSIVE;
				CLANG_WARN_UNREACHABLE_CODE = YES;
				CLANG_WARN__DUPLICATE_METHOD_MATCH = YES;
				COPY_PHASE_STRIP = NO;
				DEBUG_INFORMATION_FORMAT = dwarf;
				ENABLE_STRICT_OBJC_MSGSEND = YES;
				ENABLE_TESTABILITY = YES;
				GCC_C_LANGUAGE_STANDARD = gnu11;
				GCC_DYNAMIC_NO_PIC = NO;
				GCC_NO_COMMON_BLOCKS = YES;
				GCC_OPTIMIZATION_LEVEL = 0;
				GCC_PREPROCESSOR_DEFINITIONS = (
					"DEBUG=1",
					"$(inherited)",
				);
				GCC_WARN_64_TO_32_BIT_CONVERSION = YES;
				GCC_WARN_ABOUT_RETURN_TYPE = YES_ERROR;
				GCC_WARN_UNDECLARED_SELECTOR = YES;
				GCC_WARN_UNINITIALIZED_AUTOS = YES_AGGRESSIVE;
				GCC_WARN_UNUSED_FUNCTION = YES;
				GCC_WARN_UNUSED_VARIABLE = YES;
				IPHONEOS_DEPLOYMENT_TARGET = 14.3;
				MTL_ENABLE_DEBUG_INFO = INCLUDE_SOURCE;
				MTL_FAST_MATH = YES;
				ONLY_ACTIVE_ARCH = YES;
				SDKROOT = iphoneos;
				SWIFT_ACTIVE_COMPILATION_CONDITIONS = DEBUG;
				SWIFT_OPTIMIZATION_LEVEL = "-Onone";
			};
			name = Debug;
		};
		DD4401CD259A2EE4003DE3E1 /* Release */ = {
			isa = XCBuildConfiguration;
			buildSettings = {
				ALWAYS_SEARCH_USER_PATHS = NO;
				CLANG_ANALYZER_NONNULL = YES;
				CLANG_ANALYZER_NUMBER_OBJECT_CONVERSION = YES_AGGRESSIVE;
				CLANG_CXX_LANGUAGE_STANDARD = "gnu++14";
				CLANG_CXX_LIBRARY = "libc++";
				CLANG_ENABLE_MODULES = YES;
				CLANG_ENABLE_OBJC_ARC = YES;
				CLANG_ENABLE_OBJC_WEAK = YES;
				CLANG_WARN_BLOCK_CAPTURE_AUTORELEASING = YES;
				CLANG_WARN_BOOL_CONVERSION = YES;
				CLANG_WARN_COMMA = YES;
				CLANG_WARN_CONSTANT_CONVERSION = YES;
				CLANG_WARN_DEPRECATED_OBJC_IMPLEMENTATIONS = YES;
				CLANG_WARN_DIRECT_OBJC_ISA_USAGE = YES_ERROR;
				CLANG_WARN_DOCUMENTATION_COMMENTS = YES;
				CLANG_WARN_EMPTY_BODY = YES;
				CLANG_WARN_ENUM_CONVERSION = YES;
				CLANG_WARN_INFINITE_RECURSION = YES;
				CLANG_WARN_INT_CONVERSION = YES;
				CLANG_WARN_NON_LITERAL_NULL_CONVERSION = YES;
				CLANG_WARN_OBJC_IMPLICIT_RETAIN_SELF = YES;
				CLANG_WARN_OBJC_LITERAL_CONVERSION = YES;
				CLANG_WARN_OBJC_ROOT_CLASS = YES_ERROR;
				CLANG_WARN_QUOTED_INCLUDE_IN_FRAMEWORK_HEADER = YES;
				CLANG_WARN_RANGE_LOOP_ANALYSIS = YES;
				CLANG_WARN_STRICT_PROTOTYPES = YES;
				CLANG_WARN_SUSPICIOUS_MOVE = YES;
				CLANG_WARN_UNGUARDED_AVAILABILITY = YES_AGGRESSIVE;
				CLANG_WARN_UNREACHABLE_CODE = YES;
				CLANG_WARN__DUPLICATE_METHOD_MATCH = YES;
				COPY_PHASE_STRIP = NO;
				DEBUG_INFORMATION_FORMAT = "dwarf-with-dsym";
				ENABLE_NS_ASSERTIONS = NO;
				ENABLE_STRICT_OBJC_MSGSEND = YES;
				GCC_C_LANGUAGE_STANDARD = gnu11;
				GCC_NO_COMMON_BLOCKS = YES;
				GCC_WARN_64_TO_32_BIT_CONVERSION = YES;
				GCC_WARN_ABOUT_RETURN_TYPE = YES_ERROR;
				GCC_WARN_UNDECLARED_SELECTOR = YES;
				GCC_WARN_UNINITIALIZED_AUTOS = YES_AGGRESSIVE;
				GCC_WARN_UNUSED_FUNCTION = YES;
				GCC_WARN_UNUSED_VARIABLE = YES;
				IPHONEOS_DEPLOYMENT_TARGET = 14.3;
				MTL_ENABLE_DEBUG_INFO = NO;
				MTL_FAST_MATH = YES;
				SDKROOT = iphoneos;
				SWIFT_COMPILATION_MODE = wholemodule;
				SWIFT_OPTIMIZATION_LEVEL = "-O";
				VALIDATE_PRODUCT = YES;
			};
			name = Release;
		};
		DD4401CF259A2EE4003DE3E1 /* Debug */ = {
			isa = XCBuildConfiguration;
			buildSettings = {
				ASSETCATALOG_COMPILER_APPICON_NAME = AppIcon;
				ASSETCATALOG_COMPILER_GLOBAL_ACCENT_COLOR_NAME = AccentColor;
				CODE_SIGN_STYLE = Automatic;
				INFOPLIST_FILE = BullsEyeDemoProject/Info.plist;
				IPHONEOS_DEPLOYMENT_TARGET = 13.0;
				LD_RUNPATH_SEARCH_PATHS = (
					"$(inherited)",
					"@executable_path/Frameworks",
				);
				PRODUCT_BUNDLE_IDENTIFIER = com.stoikokolev.BullsEyeDemoProject;
				PRODUCT_NAME = "$(TARGET_NAME)";
				SWIFT_VERSION = 5.0;
				TARGETED_DEVICE_FAMILY = 1;
			};
			name = Debug;
		};
		DD4401D0259A2EE4003DE3E1 /* Release */ = {
			isa = XCBuildConfiguration;
			buildSettings = {
				ASSETCATALOG_COMPILER_APPICON_NAME = AppIcon;
				ASSETCATALOG_COMPILER_GLOBAL_ACCENT_COLOR_NAME = AccentColor;
				CODE_SIGN_STYLE = Automatic;
				INFOPLIST_FILE = BullsEyeDemoProject/Info.plist;
				IPHONEOS_DEPLOYMENT_TARGET = 13.0;
				LD_RUNPATH_SEARCH_PATHS = (
					"$(inherited)",
					"@executable_path/Frameworks",
				);
				PRODUCT_BUNDLE_IDENTIFIER = com.stoikokolev.BullsEyeDemoProject;
				PRODUCT_NAME = "$(TARGET_NAME)";
				SWIFT_VERSION = 5.0;
				TARGETED_DEVICE_FAMILY = 1;
			};
			name = Release;
		};
/* End XCBuildConfiguration section */

/* Begin XCConfigurationList section */
		DD4401B5259A2EE2003DE3E1 /* Build configuration list for PBXProject "BullsEyeDemoProject" */ = {
			isa = XCConfigurationList;
			buildConfigurations = (
				DD4401CC259A2EE4003DE3E1 /* Debug */,
				DD4401CD259A2EE4003DE3E1 /* Release */,
			);
			defaultConfigurationIsVisible = 0;
			defaultConfigurationName = Release;
		};
		DD4401CE259A2EE4003DE3E1 /* Build configuration list for PBXNativeTarget "BullsEyeDemoProject" */ = {
			isa = XCConfigurationList;
			buildConfigurations = (
				DD4401CF259A2EE4003DE3E1 /* Debug */,
				DD4401D0259A2EE4003DE3E1 /* Release */,
			);
			defaultConfigurationIsVisible = 0;
			defaultConfigurationName = Release;
		};
/* End XCConfigurationList section */
	};
	rootObject = DD4401B2259A2EE2003DE3E1 /* Project object */;
}
